
Microsoft Visual Studio Solution File, Format Version 12.00
# Visual Studio Version 16
VisualStudioVersion = 16.0.31613.86
MinimumVisualStudioVersion = 10.0.40219.1
Project("{8BC9CEB8-8B4A-11D0-8D11-00A0C91BC942}") = "depthai-opencv-integration", "depthai-opencv-integration.vcxproj", "{E13E18AF-5B0E-4406-9B56-8D53F96A1EFC}"
EndProject
Global
	GlobalSection(SolutionConfigurationPlatforms) = preSolution
		Debug|x64 = Debug|x64
		Debug|x86 = Debug|x86
		Release|x64 = Release|x64
		Release|x86 = Release|x86
	EndGlobalSection
	GlobalSection(ProjectConfigurationPlatforms) = postSolution
		{E13E18AF-5B0E-4406-9B56-8D53F96A1EFC}.Debug|x64.ActiveCfg = Debug|x64
		{E13E18AF-5B0E-4406-9B56-8D53F96A1EFC}.Debug|x64.Build.0 = Debug|x64
		{E13E18AF-5B0E-4406-9B56-8D53F96A1EFC}.Debug|x86.ActiveCfg = Debug|Win32
		{E13E18AF-5B0E-4406-9B56-8D53F96A1EFC}.Debug|x86.Build.0 = Debug|Win32
		{E13E18AF-5B0E-4406-9B56-8D53F96A1EFC}.Release|x64.ActiveCfg = Release|x64
		{E13E18AF-5B0E-4406-9B56-8D53F96A1EFC}.Release|x64.Build.0 = Release|x64
		{E13E18AF-5B0E-4406-9B56-8D53F96A1EFC}.Release|x86.ActiveCfg = Release|Win32
		{E13E18AF-5B0E-4406-9B56-8D53F96A1EFC}.Release|x86.Build.0 = Release|Win32
	EndGlobalSection
	GlobalSection(SolutionProperties) = preSolution
		HideSolutionNode = FALSE
	EndGlobalSection
	GlobalSection(ExtensibilityGlobals) = postSolution
		SolutionGuid = {DA53F6D9-CA04-4070-B12E-C64CCF0907C1}
	EndGlobalSection
EndGlobal
